
Microsoft Visual Studio Solution File, Format Version 12.00
# Visual Studio Version 17
VisualStudioVersion = 17.0.32126.317
MinimumVisualStudioVersion = 10.0.40219.1
Project("{FAE04EC0-301F-11D3-BF4B-00C04F79EFBC}") = "AppDoWhileDarienV", "AppDoWhileDarienV\AppDoWhileDarienV.csproj", "{BF68A254-421D-4C31-B9ED-DD9D713C2B42}"
EndProject
Global
	GlobalSection(SolutionConfigurationPlatforms) = preSolution
		Debug|Any CPU = Debug|Any CPU
		Release|Any CPU = Release|Any CPU
	EndGlobalSection
	GlobalSection(ProjectConfigurationPlatforms) = postSolution
		{BF68A254-421D-4C31-B9ED-DD9D713C2B42}.Debug|Any CPU.ActiveCfg = Debug|Any CPU
		{BF68A254-421D-4C31-B9ED-DD9D713C2B42}.Debug|Any CPU.Build.0 = Debug|Any CPU
		{BF68A254-421D-4C31-B9ED-DD9D713C2B42}.Release|Any CPU.ActiveCfg = Release|Any CPU
		{BF68A254-421D-4C31-B9ED-DD9D713C2B42}.Release|Any CPU.Build.0 = Release|Any CPU
	EndGlobalSection
	GlobalSection(SolutionProperties) = preSolution
		HideSolutionNode = FALSE
	EndGlobalSection
	GlobalSection(ExtensibilityGlobals) = postSolution
		SolutionGuid = {1EDEE8DA-A5D5-4357-9739-989352F61C3C}
	EndGlobalSection
EndGlobal
