
Microsoft Visual Studio Solution File, Format Version 12.00
# Visual Studio Version 17
VisualStudioVersion = 17.0.32126.317
MinimumVisualStudioVersion = 10.0.40219.1
Project("{FAE04EC0-301F-11D3-BF4B-00C04F79EFBC}") = "AppWhile2DarienV", "AppWhile2DarienV\AppWhile2DarienV.csproj", "{6C146DC5-8FDE-4255-AA7C-8720CD585D00}"
EndProject
Global
	GlobalSection(SolutionConfigurationPlatforms) = preSolution
		Debug|Any CPU = Debug|Any CPU
		Release|Any CPU = Release|Any CPU
	EndGlobalSection
	GlobalSection(ProjectConfigurationPlatforms) = postSolution
		{6C146DC5-8FDE-4255-AA7C-8720CD585D00}.Debug|Any CPU.ActiveCfg = Debug|Any CPU
		{6C146DC5-8FDE-4255-AA7C-8720CD585D00}.Debug|Any CPU.Build.0 = Debug|Any CPU
		{6C146DC5-8FDE-4255-AA7C-8720CD585D00}.Release|Any CPU.ActiveCfg = Release|Any CPU
		{6C146DC5-8FDE-4255-AA7C-8720CD585D00}.Release|Any CPU.Build.0 = Release|Any CPU
	EndGlobalSection
	GlobalSection(SolutionProperties) = preSolution
		HideSolutionNode = FALSE
	EndGlobalSection
	GlobalSection(ExtensibilityGlobals) = postSolution
		SolutionGuid = {663D547E-8BA9-4C7C-9C3D-C679C735C6A9}
	EndGlobalSection
EndGlobal
