
Microsoft Visual Studio Solution File, Format Version 12.00
# Visual Studio Version 17
VisualStudioVersion = 17.0.32126.317
MinimumVisualStudioVersion = 10.0.40219.1
Project("{FAE04EC0-301F-11D3-BF4B-00C04F79EFBC}") = "AppForEachDarienV", "AppForEachDarienV\AppForEachDarienV.csproj", "{0F998693-A42A-41CA-AF0F-0F1F12A80809}"
EndProject
Global
	GlobalSection(SolutionConfigurationPlatforms) = preSolution
		Debug|Any CPU = Debug|Any CPU
		Release|Any CPU = Release|Any CPU
	EndGlobalSection
	GlobalSection(ProjectConfigurationPlatforms) = postSolution
		{0F998693-A42A-41CA-AF0F-0F1F12A80809}.Debug|Any CPU.ActiveCfg = Debug|Any CPU
		{0F998693-A42A-41CA-AF0F-0F1F12A80809}.Debug|Any CPU.Build.0 = Debug|Any CPU
		{0F998693-A42A-41CA-AF0F-0F1F12A80809}.Release|Any CPU.ActiveCfg = Release|Any CPU
		{0F998693-A42A-41CA-AF0F-0F1F12A80809}.Release|Any CPU.Build.0 = Release|Any CPU
	EndGlobalSection
	GlobalSection(SolutionProperties) = preSolution
		HideSolutionNode = FALSE
	EndGlobalSection
	GlobalSection(ExtensibilityGlobals) = postSolution
		SolutionGuid = {E11304CE-D867-4ABC-962A-2D52898E6FC0}
	EndGlobalSection
EndGlobal
