
Microsoft Visual Studio Solution File, Format Version 12.00
# Visual Studio Version 17
VisualStudioVersion = 17.0.32126.317
MinimumVisualStudioVersion = 10.0.40219.1
Project("{FAE04EC0-301F-11D3-BF4B-00C04F79EFBC}") = "AppsCondicionalesDarienV", "AppsCondicionalesDarienV\AppsCondicionalesDarienV.csproj", "{856188CC-EA40-4C8A-9FED-58B69C6E5401}"
EndProject
Global
	GlobalSection(SolutionConfigurationPlatforms) = preSolution
		Debug|Any CPU = Debug|Any CPU
		Release|Any CPU = Release|Any CPU
	EndGlobalSection
	GlobalSection(ProjectConfigurationPlatforms) = postSolution
		{856188CC-EA40-4C8A-9FED-58B69C6E5401}.Debug|Any CPU.ActiveCfg = Debug|Any CPU
		{856188CC-EA40-4C8A-9FED-58B69C6E5401}.Debug|Any CPU.Build.0 = Debug|Any CPU
		{856188CC-EA40-4C8A-9FED-58B69C6E5401}.Release|Any CPU.ActiveCfg = Release|Any CPU
		{856188CC-EA40-4C8A-9FED-58B69C6E5401}.Release|Any CPU.Build.0 = Release|Any CPU
	EndGlobalSection
	GlobalSection(SolutionProperties) = preSolution
		HideSolutionNode = FALSE
	EndGlobalSection
	GlobalSection(ExtensibilityGlobals) = postSolution
		SolutionGuid = {9847CF2F-602E-4E89-8FA5-A8D56862357E}
	EndGlobalSection
EndGlobal
